
Microsoft Visual Studio Solution File, Format Version 12.00
# Visual Studio 15
VisualStudioVersion = 15.0.28307.1525
MinimumVisualStudioVersion = 10.0.40219.1
Project("{FAE04EC0-301F-11D3-BF4B-00C04F79EFBC}") = "FirmarPfd", "FirmarPfd\FirmarPfd.csproj", "{08E4C477-B613-46C5-BCCF-51F707995122}"
EndProject
Global
	GlobalSection(SolutionConfigurationPlatforms) = preSolution
		Debug|Any CPU = Debug|Any CPU
		Release|Any CPU = Release|Any CPU
	EndGlobalSection
	GlobalSection(ProjectConfigurationPlatforms) = postSolution
		{08E4C477-B613-46C5-BCCF-51F707995122}.Debug|Any CPU.ActiveCfg = Debug|Any CPU
		{08E4C477-B613-46C5-BCCF-51F707995122}.Debug|Any CPU.Build.0 = Debug|Any CPU
		{08E4C477-B613-46C5-BCCF-51F707995122}.Release|Any CPU.ActiveCfg = Release|Any CPU
		{08E4C477-B613-46C5-BCCF-51F707995122}.Release|Any CPU.Build.0 = Release|Any CPU
	EndGlobalSection
	GlobalSection(SolutionProperties) = preSolution
		HideSolutionNode = FALSE
	EndGlobalSection
	GlobalSection(ExtensibilityGlobals) = postSolution
		SolutionGuid = {8051E0FA-A53C-4224-BEFC-4091AA53C5A0}
	EndGlobalSection
EndGlobal
